
Microsoft Visual Studio Solution File, Format Version 12.00
# Visual Studio Version 17
VisualStudioVersion = 17.0.31903.59
MinimumVisualStudioVersion = 10.0.40219.1
Project("{FAE04EC0-301F-11D3-BF4B-00C04F79EFBC}") = "Vaktr.Core", "Vaktr.Core\Vaktr.Core.csproj", "{4023019B-56E8-472F-B5C6-5ABE4F798626}"
EndProject
Project("{FAE04EC0-301F-11D3-BF4B-00C04F79EFBC}") = "Vaktr.Collector", "Vaktr.Collector\Vaktr.Collector.csproj", "{A36F0002-FFBD-4F57-96FC-29FB161B015E}"
EndProject
Project("{FAE04EC0-301F-11D3-BF4B-00C04F79EFBC}") = "Vaktr.Store", "Vaktr.Store\Vaktr.Store.csproj", "{EB9DBB26-DE54-4793-A424-476CB5EE8738}"
EndProject
Project("{FAE04EC0-301F-11D3-BF4B-00C04F79EFBC}") = "Vaktr.App", "Vaktr.App\Vaktr.App.csproj", "{1A33097F-015E-4CA1-BDF5-94A569F8EF1D}"
EndProject
Project("{FAE04EC0-301F-11D3-BF4B-00C04F79EFBC}") = "Vaktr.Tests", "Vaktr.Tests\Vaktr.Tests.csproj", "{785577EB-C3FC-41F5-A1A5-BF96D8C04617}"
EndProject
Global
	GlobalSection(SolutionConfigurationPlatforms) = preSolution
		Debug|Any CPU = Debug|Any CPU
		Debug|x64 = Debug|x64
		Debug|x86 = Debug|x86
		Release|Any CPU = Release|Any CPU
		Release|x64 = Release|x64
		Release|x86 = Release|x86
	EndGlobalSection
	GlobalSection(ProjectConfigurationPlatforms) = postSolution
		{4023019B-56E8-472F-B5C6-5ABE4F798626}.Debug|Any CPU.ActiveCfg = Debug|Any CPU
		{4023019B-56E8-472F-B5C6-5ABE4F798626}.Debug|Any CPU.Build.0 = Debug|Any CPU
		{4023019B-56E8-472F-B5C6-5ABE4F798626}.Debug|x64.ActiveCfg = Debug|Any CPU
		{4023019B-56E8-472F-B5C6-5ABE4F798626}.Debug|x64.Build.0 = Debug|Any CPU
		{4023019B-56E8-472F-B5C6-5ABE4F798626}.Debug|x86.ActiveCfg = Debug|Any CPU
		{4023019B-56E8-472F-B5C6-5ABE4F798626}.Debug|x86.Build.0 = Debug|Any CPU
		{4023019B-56E8-472F-B5C6-5ABE4F798626}.Release|Any CPU.ActiveCfg = Release|Any CPU
		{4023019B-56E8-472F-B5C6-5ABE4F798626}.Release|Any CPU.Build.0 = Release|Any CPU
		{4023019B-56E8-472F-B5C6-5ABE4F798626}.Release|x64.ActiveCfg = Release|Any CPU
		{4023019B-56E8-472F-B5C6-5ABE4F798626}.Release|x64.Build.0 = Release|Any CPU
		{4023019B-56E8-472F-B5C6-5ABE4F798626}.Release|x86.ActiveCfg = Release|Any CPU
		{4023019B-56E8-472F-B5C6-5ABE4F798626}.Release|x86.Build.0 = Release|Any CPU
		{A36F0002-FFBD-4F57-96FC-29FB161B015E}.Debug|Any CPU.ActiveCfg = Debug|Any CPU
		{A36F0002-FFBD-4F57-96FC-29FB161B015E}.Debug|Any CPU.Build.0 = Debug|Any CPU
		{A36F0002-FFBD-4F57-96FC-29FB161B015E}.Debug|x64.ActiveCfg = Debug|Any CPU
		{A36F0002-FFBD-4F57-96FC-29FB161B015E}.Debug|x64.Build.0 = Debug|Any CPU
		{A36F0002-FFBD-4F57-96FC-29FB161B015E}.Debug|x86.ActiveCfg = Debug|Any CPU
		{A36F0002-FFBD-4F57-96FC-29FB161B015E}.Debug|x86.Build.0 = Debug|Any CPU
		{A36F0002-FFBD-4F57-96FC-29FB161B015E}.Release|Any CPU.ActiveCfg = Release|Any CPU
		{A36F0002-FFBD-4F57-96FC-29FB161B015E}.Release|Any CPU.Build.0 = Release|Any CPU
		{A36F0002-FFBD-4F57-96FC-29FB161B015E}.Release|x64.ActiveCfg = Release|Any CPU
		{A36F0002-FFBD-4F57-96FC-29FB161B015E}.Release|x64.Build.0 = Release|Any CPU
		{A36F0002-FFBD-4F57-96FC-29FB161B015E}.Release|x86.ActiveCfg = Release|Any CPU
		{A36F0002-FFBD-4F57-96FC-29FB161B015E}.Release|x86.Build.0 = Release|Any CPU
		{EB9DBB26-DE54-4793-A424-476CB5EE8738}.Debug|Any CPU.ActiveCfg = Debug|Any CPU
		{EB9DBB26-DE54-4793-A424-476CB5EE8738}.Debug|Any CPU.Build.0 = Debug|Any CPU
		{EB9DBB26-DE54-4793-A424-476CB5EE8738}.Debug|x64.ActiveCfg = Debug|Any CPU
		{EB9DBB26-DE54-4793-A424-476CB5EE8738}.Debug|x64.Build.0 = Debug|Any CPU
		{EB9DBB26-DE54-4793-A424-476CB5EE8738}.Debug|x86.ActiveCfg = Debug|Any CPU
		{EB9DBB26-DE54-4793-A424-476CB5EE8738}.Debug|x86.Build.0 = Debug|Any CPU
		{EB9DBB26-DE54-4793-A424-476CB5EE8738}.Release|Any CPU.ActiveCfg = Release|Any CPU
		{EB9DBB26-DE54-4793-A424-476CB5EE8738}.Release|Any CPU.Build.0 = Release|Any CPU
		{EB9DBB26-DE54-4793-A424-476CB5EE8738}.Release|x64.ActiveCfg = Release|Any CPU
		{EB9DBB26-DE54-4793-A424-476CB5EE8738}.Release|x64.Build.0 = Release|Any CPU
		{EB9DBB26-DE54-4793-A424-476CB5EE8738}.Release|x86.ActiveCfg = Release|Any CPU
		{EB9DBB26-DE54-4793-A424-476CB5EE8738}.Release|x86.Build.0 = Release|Any CPU
		{1A33097F-015E-4CA1-BDF5-94A569F8EF1D}.Debug|Any CPU.ActiveCfg = Debug|Any CPU
		{1A33097F-015E-4CA1-BDF5-94A569F8EF1D}.Debug|Any CPU.Build.0 = Debug|Any CPU
		{1A33097F-015E-4CA1-BDF5-94A569F8EF1D}.Debug|x64.ActiveCfg = Debug|Any CPU
		{1A33097F-015E-4CA1-BDF5-94A569F8EF1D}.Debug|x64.Build.0 = Debug|Any CPU
		{1A33097F-015E-4CA1-BDF5-94A569F8EF1D}.Debug|x86.ActiveCfg = Debug|Any CPU
		{1A33097F-015E-4CA1-BDF5-94A569F8EF1D}.Debug|x86.Build.0 = Debug|Any CPU
		{1A33097F-015E-4CA1-BDF5-94A569F8EF1D}.Release|Any CPU.ActiveCfg = Release|Any CPU
		{1A33097F-015E-4CA1-BDF5-94A569F8EF1D}.Release|Any CPU.Build.0 = Release|Any CPU
		{1A33097F-015E-4CA1-BDF5-94A569F8EF1D}.Release|x64.ActiveCfg = Release|Any CPU
		{1A33097F-015E-4CA1-BDF5-94A569F8EF1D}.Release|x64.Build.0 = Release|Any CPU
		{1A33097F-015E-4CA1-BDF5-94A569F8EF1D}.Release|x86.ActiveCfg = Release|Any CPU
		{1A33097F-015E-4CA1-BDF5-94A569F8EF1D}.Release|x86.Build.0 = Release|Any CPU
		{785577EB-C3FC-41F5-A1A5-BF96D8C04617}.Debug|Any CPU.ActiveCfg = Debug|Any CPU
		{785577EB-C3FC-41F5-A1A5-BF96D8C04617}.Debug|Any CPU.Build.0 = Debug|Any CPU
		{785577EB-C3FC-41F5-A1A5-BF96D8C04617}.Debug|x64.ActiveCfg = Debug|Any CPU
		{785577EB-C3FC-41F5-A1A5-BF96D8C04617}.Debug|x64.Build.0 = Debug|Any CPU
		{785577EB-C3FC-41F5-A1A5-BF96D8C04617}.Debug|x86.ActiveCfg = Debug|Any CPU
		{785577EB-C3FC-41F5-A1A5-BF96D8C04617}.Debug|x86.Build.0 = Debug|Any CPU
		{785577EB-C3FC-41F5-A1A5-BF96D8C04617}.Release|Any CPU.ActiveCfg = Release|Any CPU
		{785577EB-C3FC-41F5-A1A5-BF96D8C04617}.Release|Any CPU.Build.0 = Release|Any CPU
		{785577EB-C3FC-41F5-A1A5-BF96D8C04617}.Release|x64.ActiveCfg = Release|Any CPU
		{785577EB-C3FC-41F5-A1A5-BF96D8C04617}.Release|x64.Build.0 = Release|Any CPU
		{785577EB-C3FC-41F5-A1A5-BF96D8C04617}.Release|x86.ActiveCfg = Release|Any CPU
		{785577EB-C3FC-41F5-A1A5-BF96D8C04617}.Release|x86.Build.0 = Release|Any CPU
	EndGlobalSection
	GlobalSection(SolutionProperties) = preSolution
		HideSolutionNode = FALSE
	EndGlobalSection
EndGlobal
